
Microsoft Visual Studio Solution File, Format Version 12.00
# Visual Studio Version 16
VisualStudioVersion = 16.0.31702.278
MinimumVisualStudioVersion = 10.0.40219.1
Project("{FAE04EC0-301F-11D3-BF4B-00C04F79EFBC}") = "RGBIterator", "RGBIterator\RGBIterator.csproj", "{BC0EEA08-8009-40EC-8FE9-771852F09CDA}"
EndProject
Global
	GlobalSection(SolutionConfigurationPlatforms) = preSolution
		Debug|Any CPU = Debug|Any CPU
		Release|Any CPU = Release|Any CPU
	EndGlobalSection
	GlobalSection(ProjectConfigurationPlatforms) = postSolution
		{BC0EEA08-8009-40EC-8FE9-771852F09CDA}.Debug|Any CPU.ActiveCfg = Debug|Any CPU
		{BC0EEA08-8009-40EC-8FE9-771852F09CDA}.Debug|Any CPU.Build.0 = Debug|Any CPU
		{BC0EEA08-8009-40EC-8FE9-771852F09CDA}.Release|Any CPU.ActiveCfg = Release|Any CPU
		{BC0EEA08-8009-40EC-8FE9-771852F09CDA}.Release|Any CPU.Build.0 = Release|Any CPU
	EndGlobalSection
	GlobalSection(SolutionProperties) = preSolution
		HideSolutionNode = FALSE
	EndGlobalSection
	GlobalSection(ExtensibilityGlobals) = postSolution
		SolutionGuid = {C18CC57B-8BBE-44EF-AD2A-3A2E84A97CA0}
	EndGlobalSection
EndGlobal
